// !$*UTF8*$!
{
	archiveVersion = 1;
	classes = {
	};
	objectVersion = 46;
	objects = {

/* Begin PBXBuildFile section */
		5EB1DD231DF9F0FF00AF1DF4 /* Alamofire.framework in Frameworks */ = {isa = PBXBuildFile; fileRef = 5EB1DD221DF9F0FF00AF1DF4 /* Alamofire.framework */; };
		5EB1DD251DF9F11F00AF1DF4 /* Alamofire.framework in CopyFiles */ = {isa = PBXBuildFile; fileRef = 5EB1DD221DF9F0FF00AF1DF4 /* Alamofire.framework */; settings = {ATTRIBUTES = (CodeSignOnCopy, RemoveHeadersOnCopy, ); }; };
		5EC0D70C1DF75D540067147F /* AppDelegate.swift in Sources */ = {isa = PBXBuildFile; fileRef = 5EC0D70B1DF75D540067147F /* AppDelegate.swift */; };
		5EC0D70E1DF75D540067147F /* ViewController.swift in Sources */ = {isa = PBXBuildFile; fileRef = 5EC0D70D1DF75D540067147F /* ViewController.swift */; };
		5EC0D7111DF75D540067147F /* Main.storyboard in Resources */ = {isa = PBXBuildFile; fileRef = 5EC0D70F1DF75D540067147F /* Main.storyboard */; };
		5EC0D7131DF75D540067147F /* Assets.xcassets in Resources */ = {isa = PBXBuildFile; fileRef = 5EC0D7121DF75D540067147F /* Assets.xcassets */; };
		5EC0D7161DF75D540067147F /* LaunchScreen.storyboard in Resources */ = {isa = PBXBuildFile; fileRef = 5EC0D7141DF75D540067147F /* LaunchScreen.storyboard */; };
/* End PBXBuildFile section */

/* Begin PBXCopyFilesBuildPhase section */
		5EB1DD241DF9F11000AF1DF4 /* CopyFiles */ = {
			isa = PBXCopyFilesBuildPhase;
			buildActionMask = 2147483647;
			dstPath = "";
			dstSubfolderSpec = 10;
			files = (
				5EB1DD251DF9F11F00AF1DF4 /* Alamofire.framework in CopyFiles */,
			);
			runOnlyForDeploymentPostprocessing = 0;
		};
/* End PBXCopyFilesBuildPhase section */

/* Begin PBXFileReference section */
		5EB1DD221DF9F0FF00AF1DF4 /* Alamofire.framework */ = {isa = PBXFileReference; lastKnownFileType = wrapper.framework; path = Alamofire.framework; sourceTree = "<group>"; };
		5EC0D7081DF75D540067147F /* AppsFinal.app */ = {isa = PBXFileReference; explicitFileType = wrapper.application; includeInIndex = 0; path = AppsFinal.app; sourceTree = BUILT_PRODUCTS_DIR; };
		5EC0D70B1DF75D540067147F /* AppDelegate.swift */ = {isa = PBXFileReference; lastKnownFileType = sourcecode.swift; path = AppDelegate.swift; sourceTree = "<group>"; };
		5EC0D70D1DF75D540067147F /* ViewController.swift */ = {isa = PBXFileReference; lastKnownFileType = sourcecode.swift; path = ViewController.swift; sourceTree = "<group>"; };
		5EC0D7101DF75D540067147F /* Base */ = {isa = PBXFileReference; lastKnownFileType = file.storyboard; name = Base; path = Base.lproj/Main.storyboard; sourceTree = "<group>"; };
		5EC0D7121DF75D540067147F /* Assets.xcassets */ = {isa = PBXFileReference; lastKnownFileType = folder.assetcatalog; path = Assets.xcassets; sourceTree = "<group>"; };
		5EC0D7151DF75D540067147F /* Base */ = {isa = PBXFileReference; lastKnownFileType = file.storyboard; name = Base; path = Base.lproj/LaunchScreen.storyboard; sourceTree = "<group>"; };
		5EC0D7171DF75D540067147F /* Info.plist */ = {isa = PBXFileReference; lastKnownFileType = text.plist.xml; path = Info.plist; sourceTree = "<group>"; };
/* End PBXFileReference section */

/* Begin PBXFrameworksBuildPhase section */
		5EC0D7051DF75D540067147F /* Frameworks */ = {
			isa = PBXFrameworksBuildPhase;
			buildActionMask = 2147483647;
			files = (
				5EB1DD231DF9F0FF00AF1DF4 /* Alamofire.framework in Frameworks */,
			);
			runOnlyForDeploymentPostprocessing = 0;
		};
/* End PBXFrameworksBuildPhase section */

/* Begin PBXGroup section */
		5EC0D6FF1DF75D540067147F = {
			isa = PBXGroup;
			children = (
				5EC0D70A1DF75D540067147F /* AppsFinal */,
				5EC0D7091DF75D540067147F /* Products */,
			);
			sourceTree = "<group>";
		};
		5EC0D7091DF75D540067147F /* Products */ = {
			isa = PBXGroup;
			children = (
				5EC0D7081DF75D540067147F /* AppsFinal.app */,
			);
			name = Products;
			sourceTree = "<group>";
		};
		5EC0D70A1DF75D540067147F /* AppsFinal */ = {
			isa = PBXGroup;
			children = (
				5EB1DD221DF9F0FF00AF1DF4 /* Alamofire.framework */,
				5EC0D70B1DF75D540067147F /* AppDelegate.swift */,
				5EC0D70D1DF75D540067147F /* ViewController.swift */,
				5EC0D70F1DF75D540067147F /* Main.storyboard */,
				5EC0D7121DF75D540067147F /* Assets.xcassets */,
				5EC0D7141DF75D540067147F /* LaunchScreen.storyboard */,
				5EC0D7171DF75D540067147F /* Info.plist */,
			);
			path = AppsFinal;
			sourceTree = "<group>";
		};
/* End PBXGroup section */

/* Begin PBXNativeTarget section */
		5EC0D7071DF75D540067147F /* AppsFinal */ = {
			isa = PBXNativeTarget;
			buildConfigurationList = 5EC0D71A1DF75D540067147F /* Build configuration list for PBXNativeTarget "AppsFinal" */;
			buildPhases = (
				5EC0D7041DF75D540067147F /* Sources */,
				5EC0D7051DF75D540067147F /* Frameworks */,
				5EC0D7061DF75D540067147F /* Resources */,
				5EB1DD241DF9F11000AF1DF4 /* CopyFiles */,
			);
			buildRules = (
			);
			dependencies = (
			);
			name = AppsFinal;
			productName = AppsFinal;
			productReference = 5EC0D7081DF75D540067147F /* AppsFinal.app */;
			productType = "com.apple.product-type.application";
		};
/* End PBXNativeTarget section */

/* Begin PBXProject section */
		5EC0D7001DF75D540067147F /* Project object */ = {
			isa = PBXProject;
			attributes = {
				LastSwiftUpdateCheck = 0800;
				LastUpgradeCheck = 0800;
				ORGANIZATIONNAME = SpencerWagner;
				TargetAttributes = {
					5EC0D7071DF75D540067147F = {
						CreatedOnToolsVersion = 8.0;
						DevelopmentTeam = GMT6F76PK3;
						ProvisioningStyle = Automatic;
					};
				};
			};
			buildConfigurationList = 5EC0D7031DF75D540067147F /* Build configuration list for PBXProject "AppsFinal" */;
			compatibilityVersion = "Xcode 3.2";
			developmentRegion = English;
			hasScannedForEncodings = 0;
			knownRegions = (
				en,
				Base,
			);
			mainGroup = 5EC0D6FF1DF75D540067147F;
			productRefGroup = 5EC0D7091DF75D540067147F /* Products */;
			projectDirPath = "";
			projectRoot = "";
			targets = (
				5EC0D7071DF75D540067147F /* AppsFinal */,
			);
		};
/* End PBXProject section */

/* Begin PBXResourcesBuildPhase section */
		5EC0D7061DF75D540067147F /* Resources */ = {
			isa = PBXResourcesBuildPhase;
			buildActionMask = 2147483647;
			files = (
				5EC0D7161DF75D540067147F /* LaunchScreen.storyboard in Resources */,
				5EC0D7131DF75D540067147F /* Assets.xcassets in Resources */,
				5EC0D7111DF75D540067147F /* Main.storyboard in Resources */,
			);
			runOnlyForDeploymentPostprocessing = 0;
		};
/* End PBXResourcesBuildPhase section */

/* Begin PBXSourcesBuildPhase section */
		5EC0D7041DF75D540067147F /* Sources */ = {
			isa = PBXSourcesBuildPhase;
			buildActionMask = 2147483647;
			files = (
				5EC0D70E1DF75D540067147F /* ViewController.swift in Sources */,
				5EC0D70C1DF75D540067147F /* AppDelegate.swift in Sources */,
			);
			runOnlyForDeploymentPostprocessing = 0;
		};
/* End PBXSourcesBuildPhase section */

/* Begin PBXVariantGroup section */
		5EC0D70F1DF75D540067147F /* Main.storyboard */ = {
			isa = PBXVariantGroup;
			children = (
				5EC0D7101DF75D540067147F /* Base */,
			);
			name = Main.storyboard;
			sourceTree = "<group>";
		};
		5EC0D7141DF75D540067147F /* LaunchScreen.storyboard */ = {
			isa = PBXVariantGroup;
			children = (
				5EC0D7151DF75D540067147F /* Base */,
			);
			name = LaunchScreen.storyboard;
			sourceTree = "<group>";
		};
/* End PBXVariantGroup section */

/* Begin XCBuildConfiguration section */
		5EC0D7181DF75D540067147F /* Debug */ = {
			isa = XCBuildConfiguration;
			buildSettings = {
				ALWAYS_SEARCH_USER_PATHS = NO;
				CLANG_ANALYZER_NONNULL = YES;
				CLANG_CXX_LANGUAGE_STANDARD = "gnu++0x";
				CLANG_CXX_LIBRARY = "libc++";
				CLANG_ENABLE_MODULES = YES;
				CLANG_ENABLE_OBJC_ARC = YES;
				CLANG_WARN_BOOL_CONVERSION = YES;
				CLANG_WARN_CONSTANT_CONVERSION = YES;
				CLANG_WARN_DIRECT_OBJC_ISA_USAGE = YES_ERROR;
				CLANG_WARN_DOCUMENTATION_COMMENTS = YES;
				CLANG_WARN_EMPTY_BODY = YES;
				CLANG_WARN_ENUM_CONVERSION = YES;
				CLANG_WARN_INFINITE_RECURSION = YES;
				CLANG_WARN_INT_CONVERSION = YES;
				CLANG_WARN_OBJC_ROOT_CLASS = YES_ERROR;
				CLANG_WARN_SUSPICIOUS_MOVES = YES;
				CLANG_WARN_UNREACHABLE_CODE = YES;
				CLANG_WARN__DUPLICATE_METHOD_MATCH = YES;
				"CODE_SIGN_IDENTITY[sdk=iphoneos*]" = "iPhone Developer";
				COPY_PHASE_STRIP = NO;
				DEBUG_INFORMATION_FORMAT = dwarf;
				ENABLE_STRICT_OBJC_MSGSEND = YES;
				ENABLE_TESTABILITY = YES;
				GCC_C_LANGUAGE_STANDARD = gnu99;
				GCC_DYNAMIC_NO_PIC = NO;
				GCC_NO_COMMON_BLOCKS = YES;
				GCC_OPTIMIZATION_LEVEL = 0;
				GCC_PREPROCESSOR_DEFINITIONS = (
					"DEBUG=1",
					"$(inherited)",
				);
				GCC_WARN_64_TO_32_BIT_CONVERSION = YES;
				GCC_WARN_ABOUT_RETURN_TYPE = YES_ERROR;
				GCC_WARN_UNDECLARED_SELECTOR = YES;
				GCC_WARN_UNINITIALIZED_AUTOS = YES_AGGRESSIVE;
				GCC_WARN_UNUSED_FUNCTION = YES;
				GCC_WARN_UNUSED_VARIABLE = YES;
				IPHONEOS_DEPLOYMENT_TARGET = 10.0;
				MTL_ENABLE_DEBUG_INFO = YES;
				ONLY_ACTIVE_ARCH = YES;
				SDKROOT = iphoneos;
				SWIFT_ACTIVE_COMPILATION_CONDITIONS = DEBUG;
				SWIFT_OPTIMIZATION_LEVEL = "-Onone";
				TARGETED_DEVICE_FAMILY = "1,2";
			};
			name = Debug;
		};
		5EC0D7191DF75D540067147F /* Release */ = {
			isa = XCBuildConfiguration;
			buildSettings = {
				ALWAYS_SEARCH_USER_PATHS = NO;
				CLANG_ANALYZER_NONNULL = YES;
				CLANG_CXX_LANGUAGE_STANDARD = "gnu++0x";
				CLANG_CXX_LIBRARY = "libc++";
				CLANG_ENABLE_MODULES = YES;
				CLANG_ENABLE_OBJC_ARC = YES;
				CLANG_WARN_BOOL_CONVERSION = YES;
				CLANG_WARN_CONSTANT_CONVERSION = YES;
				CLANG_WARN_DIRECT_OBJC_ISA_USAGE = YES_ERROR;
				CLANG_WARN_DOCUMENTATION_COMMENTS = YES;
				CLANG_WARN_EMPTY_BODY = YES;
				CLANG_WARN_ENUM_CONVERSION = YES;
				CLANG_WARN_INFINITE_RECURSION = YES;
				CLANG_WARN_INT_CONVERSION = YES;
				CLANG_WARN_OBJC_ROOT_CLASS = YES_ERROR;
				CLANG_WARN_SUSPICIOUS_MOVES = YES;
				CLANG_WARN_UNREACHABLE_CODE = YES;
				CLANG_WARN__DUPLICATE_METHOD_MATCH = YES;
				"CODE_SIGN_IDENTITY[sdk=iphoneos*]" = "iPhone Developer";
				COPY_PHASE_STRIP = NO;
				DEBUG_INFORMATION_FORMAT = "dwarf-with-dsym";
				ENABLE_NS_ASSERTIONS = NO;
				ENABLE_STRICT_OBJC_MSGSEND = YES;
				GCC_C_LANGUAGE_STANDARD = gnu99;
				GCC_NO_COMMON_BLOCKS = YES;
				GCC_WARN_64_TO_32_BIT_CONVERSION = YES;
				GCC_WARN_ABOUT_RETURN_TYPE = YES_ERROR;
				GCC_WARN_UNDECLARED_SELECTOR = YES;
				GCC_WARN_UNINITIALIZED_AUTOS = YES_AGGRESSIVE;
				GCC_WARN_UNUSED_FUNCTION = YES;
				GCC_WARN_UNUSED_VARIABLE = YES;
				IPHONEOS_DEPLOYMENT_TARGET = 10.0;
				MTL_ENABLE_DEBUG_INFO = NO;
				SDKROOT = iphoneos;
				SWIFT_OPTIMIZATION_LEVEL = "-Owholemodule";
				TARGETED_DEVICE_FAMILY = "1,2";
				VALIDATE_PRODUCT = YES;
			};
			name = Release;
		};
		5EC0D71B1DF75D540067147F /* Debug */ = {
			isa = XCBuildConfiguration;
			buildSettings = {
				ASSETCATALOG_COMPILER_APPICON_NAME = AppIcon;
				DEVELOPMENT_TEAM = GMT6F76PK3;
				FRAMEWORK_SEARCH_PATHS = (
					"$(inherited)",
					"$(PROJECT_DIR)/AppsFinal",
				);
				INFOPLIST_FILE = AppsFinal/Info.plist;
				LD_RUNPATH_SEARCH_PATHS = "$(inherited) @executable_path/Frameworks";
				PRODUCT_BUNDLE_IDENTIFIER = edu.rockhursths.amdg.AppsFinal;
				PRODUCT_NAME = "$(TARGET_NAME)";
				SWIFT_VERSION = 3.0;
			};
			name = Debug;
		};
		5EC0D71C1DF75D540067147F /* Release */ = {
			isa = XCBuildConfiguration;
			buildSettings = {
				ASSETCATALOG_COMPILER_APPICON_NAME = AppIcon;
				DEVELOPMENT_TEAM = GMT6F76PK3;
				FRAMEWORK_SEARCH_PATHS = (
					"$(inherited)",
					"$(PROJECT_DIR)/AppsFinal",
				);
				INFOPLIST_FILE = AppsFinal/Info.plist;
				LD_RUNPATH_SEARCH_PATHS = "$(inherited) @executable_path/Frameworks";
				PRODUCT_BUNDLE_IDENTIFIER = edu.rockhursths.amdg.AppsFinal;
				PRODUCT_NAME = "$(TARGET_NAME)";
				SWIFT_VERSION = 3.0;
			};
			name = Release;
		};
/* End XCBuildConfiguration section */

/* Begin XCConfigurationList section */
		5EC0D7031DF75D540067147F /* Build configuration list for PBXProject "AppsFinal" */ = {
			isa = XCConfigurationList;
			buildConfigurations = (
				5EC0D7181DF75D540067147F /* Debug */,
				5EC0D7191DF75D540067147F /* Release */,
			);
			defaultConfigurationIsVisible = 0;
			defaultConfigurationName = Release;
		};
		5EC0D71A1DF75D540067147F /* Build configuration list for PBXNativeTarget "AppsFinal" */ = {
			isa = XCConfigurationList;
			buildConfigurations = (
				5EC0D71B1DF75D540067147F /* Debug */,
				5EC0D71C1DF75D540067147F /* Release */,
			);
			defaultConfigurationIsVisible = 0;
			defaultConfigurationName = Release;
		};
/* End XCConfigurationList section */
	};
	rootObject = 5EC0D7001DF75D540067147F /* Project object */;
}
